PODS:
  - didit_sdk (4.7.5):
    - DiditSDK/All (= 4.7.5)
    - Flutter
  - DiditSDK/All (4.7.5)
  - Flutter (1.0.0)
  - integration_test (0.0.1):
    - Flutter

DEPENDENCIES:
  - didit_sdk (from `.symlinks/plugins/didit_sdk/ios`)
  - DiditSDK/All (from `https://raw.githubusercontent.com/didit-protocol/sdk-ios/4.7.5/DiditSDK.podspec`)
  - Flutter (from `Flutter`)
  - integration_test (from `.symlinks/plugins/integration_test/ios`)

EXTERNAL SOURCES:
  didit_sdk:
    :path: ".symlinks/plugins/didit_sdk/ios"
  DiditSDK:
    :podspec: https://raw.githubusercontent.com/didit-protocol/sdk-ios/4.7.5/DiditSDK.podspec
  Flutter:
    :path: Flutter
  integration_test:
    :path: ".symlinks/plugins/integration_test/ios"

SPEC CHECKSUMS:
  didit_sdk: a801459a456bcb320db7564ec14c26b8aa98a696
  DiditSDK: f3595534826c57d43a201de7c0233b93cbb46486
  Flutter: cabc95a1d2626b1b06e7179b784ebcf0c0cde467
  integration_test: 4a889634ef21a45d28d50d622cf412dc6d9f586e

PODFILE CHECKSUM: d8388252fc04359628a933a23757983cf32b5d97

COCOAPODS: 1.16.2
