PODS:
  - didit_sdk (3.6.0):
    - DiditSDK (~> 3.4)
    - Flutter
  - DiditSDK (3.4.1):
    - DiditSDK/Full (= 3.4.1)
  - DiditSDK/Full (3.4.1)
  - Flutter (1.0.0)
  - integration_test (0.0.1):
    - Flutter

DEPENDENCIES:
  - didit_sdk (from `.symlinks/plugins/didit_sdk/ios`)
  - DiditSDK (from `https://raw.githubusercontent.com/didit-protocol/sdk-ios/main/DiditSDK.podspec`)
  - Flutter (from `Flutter`)
  - integration_test (from `.symlinks/plugins/integration_test/ios`)

EXTERNAL SOURCES:
  didit_sdk:
    :path: ".symlinks/plugins/didit_sdk/ios"
  DiditSDK:
    :podspec: https://raw.githubusercontent.com/didit-protocol/sdk-ios/main/DiditSDK.podspec
  Flutter:
    :path: Flutter
  integration_test:
    :path: ".symlinks/plugins/integration_test/ios"

SPEC CHECKSUMS:
  didit_sdk: 74afcf7c7170fac2cccdc4f10bfb35ef999e7ff7
  DiditSDK: 533e8d3302f7ed833e331c5946ac302a43a81e99
  Flutter: cabc95a1d2626b1b06e7179b784ebcf0c0cde467
  integration_test: 4a889634ef21a45d28d50d622cf412dc6d9f586e

PODFILE CHECKSUM: efa42e9505949af8a7e977d32b3e1b617826b271

COCOAPODS: 1.16.2
